
Microsoft Visual Studio Solution File, Format Version 12.00
# Visual Studio Version 17
VisualStudioVersion = 17.5.33502.453
MinimumVisualStudioVersion = 10.0.40219.1
Project("{FAE04EC0-301F-11D3-BF4B-00C04F79EFBC}") = "AlmondApp", "formsApp\AlmondApp.csproj", "{C12B902E-71A2-4122-80C4-E256BE344E86}"
EndProject
Project("{54435603-DBB4-11D2-8724-00A0C9A8B90C}") = "Almond", "Almond\Almond.vdproj", "{224505CC-0375-4F02-B4A4-96610F563FF4}"
EndProject
Global
	GlobalSection(SolutionConfigurationPlatforms) = preSolution
		Debug|Any CPU = Debug|Any CPU
		Release|Any CPU = Release|Any CPU
	EndGlobalSection
	GlobalSection(ProjectConfigurationPlatforms) = postSolution
		{C12B902E-71A2-4122-80C4-E256BE344E86}.Debug|Any CPU.ActiveCfg = Debug|Any CPU
		{C12B902E-71A2-4122-80C4-E256BE344E86}.Debug|Any CPU.Build.0 = Debug|Any CPU
		{C12B902E-71A2-4122-80C4-E256BE344E86}.Release|Any CPU.ActiveCfg = Release|Any CPU
		{C12B902E-71A2-4122-80C4-E256BE344E86}.Release|Any CPU.Build.0 = Release|Any CPU
		{224505CC-0375-4F02-B4A4-96610F563FF4}.Debug|Any CPU.ActiveCfg = Debug
		{224505CC-0375-4F02-B4A4-96610F563FF4}.Release|Any CPU.ActiveCfg = Release
	EndGlobalSection
	GlobalSection(SolutionProperties) = preSolution
		HideSolutionNode = FALSE
	EndGlobalSection
	GlobalSection(ExtensibilityGlobals) = postSolution
		SolutionGuid = {15E0C015-97AD-45C1-8B58-2A5D4B215CB2}
	EndGlobalSection
EndGlobal
